{
  "name": "slayer",
  "version": "0.0.0",
  "lockfileVersion": 1,
  "dependencies": {
    "agm-direction": {
      "version": "0.4.1",
      "resolved": "https://registry.npmjs.org/agm-direction/-/agm-direction-0.4.1.tgz",
      "integrity": "sha512-kj3uO1K4RQ0O7Z3ojBecAY9bq4FW3JjGLbej4jpu1C4ThLxrGOPFVf5nDY9TVw50J7VfrM8fziD3tfKpSbVQXg=="
    }
  }
}
